
Microsoft Visual Studio Solution File, Format Version 12.00
# Visual Studio Version 16
VisualStudioVersion = 16.0.32228.343
MinimumVisualStudioVersion = 10.0.40219.1
Project("{FAE04EC0-301F-11D3-BF4B-00C04F79EFBC}") = "my-books", "my-books.csproj", "{C725FCD8-79BF-427B-875C-337A5A199CEC}"
EndProject
Global
	GlobalSection(SolutionConfigurationPlatforms) = preSolution
		Debug|Any CPU = Debug|Any CPU
		Release|Any CPU = Release|Any CPU
	EndGlobalSection
	GlobalSection(ProjectConfigurationPlatforms) = postSolution
		{C725FCD8-79BF-427B-875C-337A5A199CEC}.Debug|Any CPU.ActiveCfg = Debug|Any CPU
		{C725FCD8-79BF-427B-875C-337A5A199CEC}.Debug|Any CPU.Build.0 = Debug|Any CPU
		{C725FCD8-79BF-427B-875C-337A5A199CEC}.Release|Any CPU.ActiveCfg = Release|Any CPU
		{C725FCD8-79BF-427B-875C-337A5A199CEC}.Release|Any CPU.Build.0 = Release|Any CPU
	EndGlobalSection
	GlobalSection(SolutionProperties) = preSolution
		HideSolutionNode = FALSE
	EndGlobalSection
	GlobalSection(ExtensibilityGlobals) = postSolution
		SolutionGuid = {3436631E-B508-4BA5-ABA8-9048A014BB38}
	EndGlobalSection
EndGlobal
